
Microsoft Visual Studio Solution File, Format Version 12.00
# Visual Studio Version 17
VisualStudioVersion = 17.11.35222.181
MinimumVisualStudioVersion = 10.0.40219.1
Project("{9A19103F-16F7-4668-BE54-9A1E7A4F7556}") = "AsciiDocSharp", "AsciiDocSharp\AsciiDocSharp.csproj", "{725D721E-AF7F-4AFE-B99C-43AF1F433637}"
EndProject
Project("{9A19103F-16F7-4668-BE54-9A1E7A4F7556}") = "AsciiDocSharp.Utility", "AsciiDocSharp.Utility\AsciiDocSharp.Utility.csproj", "{05897BA2-34D0-4171-A1B1-633197E5596C}"
EndProject
Global
	GlobalSection(SolutionConfigurationPlatforms) = preSolution
		Debug|Any CPU = Debug|Any CPU
		Release|Any CPU = Release|Any CPU
	EndGlobalSection
	GlobalSection(ProjectConfigurationPlatforms) = postSolution
		{725D721E-AF7F-4AFE-B99C-43AF1F433637}.Debug|Any CPU.ActiveCfg = Debug|Any CPU
		{725D721E-AF7F-4AFE-B99C-43AF1F433637}.Debug|Any CPU.Build.0 = Debug|Any CPU
		{725D721E-AF7F-4AFE-B99C-43AF1F433637}.Release|Any CPU.ActiveCfg = Release|Any CPU
		{725D721E-AF7F-4AFE-B99C-43AF1F433637}.Release|Any CPU.Build.0 = Release|Any CPU
		{05897BA2-34D0-4171-A1B1-633197E5596C}.Debug|Any CPU.ActiveCfg = Debug|Any CPU
		{05897BA2-34D0-4171-A1B1-633197E5596C}.Debug|Any CPU.Build.0 = Debug|Any CPU
		{05897BA2-34D0-4171-A1B1-633197E5596C}.Release|Any CPU.ActiveCfg = Release|Any CPU
		{05897BA2-34D0-4171-A1B1-633197E5596C}.Release|Any CPU.Build.0 = Release|Any CPU
	EndGlobalSection
	GlobalSection(SolutionProperties) = preSolution
		HideSolutionNode = FALSE
	EndGlobalSection
	GlobalSection(ExtensibilityGlobals) = postSolution
		SolutionGuid = {FB67F4BF-D072-4EFF-94E2-9CE06B4F85E6}
	EndGlobalSection
EndGlobal
