
Microsoft Visual Studio Solution File, Format Version 12.00
# Visual Studio Version 17
VisualStudioVersion = 17.11.35222.181
MinimumVisualStudioVersion = 10.0.40219.1
Project("{9A19103F-16F7-4668-BE54-9A1E7A4F7556}") = "AsciiDocSharp", "AsciiDocSharp.csproj", "{78F6572C-0F3D-41C4-A5C1-0D3F33DA4FA9}"
EndProject
Project("{FAE04EC0-301F-11D3-BF4B-00C04F79EFBC}") = "AsciiDocSharp.Utility", "..\AsciiDocSharp.Utility\AsciiDocSharp.Utility.csproj", "{9084489A-99A5-412F-8386-B8B8BB739B6B}"
EndProject
Global
	GlobalSection(SolutionConfigurationPlatforms) = preSolution
		Debug|Any CPU = Debug|Any CPU
		Release|Any CPU = Release|Any CPU
	EndGlobalSection
	GlobalSection(ProjectConfigurationPlatforms) = postSolution
		{78F6572C-0F3D-41C4-A5C1-0D3F33DA4FA9}.Debug|Any CPU.ActiveCfg = Debug|Any CPU
		{78F6572C-0F3D-41C4-A5C1-0D3F33DA4FA9}.Debug|Any CPU.Build.0 = Debug|Any CPU
		{78F6572C-0F3D-41C4-A5C1-0D3F33DA4FA9}.Release|Any CPU.ActiveCfg = Release|Any CPU
		{78F6572C-0F3D-41C4-A5C1-0D3F33DA4FA9}.Release|Any CPU.Build.0 = Release|Any CPU
		{9084489A-99A5-412F-8386-B8B8BB739B6B}.Debug|Any CPU.ActiveCfg = Debug|Any CPU
		{9084489A-99A5-412F-8386-B8B8BB739B6B}.Debug|Any CPU.Build.0 = Debug|Any CPU
		{9084489A-99A5-412F-8386-B8B8BB739B6B}.Release|Any CPU.ActiveCfg = Release|Any CPU
		{9084489A-99A5-412F-8386-B8B8BB739B6B}.Release|Any CPU.Build.0 = Release|Any CPU
	EndGlobalSection
	GlobalSection(SolutionProperties) = preSolution
		HideSolutionNode = FALSE
	EndGlobalSection
	GlobalSection(ExtensibilityGlobals) = postSolution
		SolutionGuid = {FB67F4BF-D072-4EFF-94E2-9CE06B4F85E6}
	EndGlobalSection
EndGlobal
